// !$*UTF8*$!
{
	archiveVersion = 1;
	classes = {
	};
	objectVersion = 56;
	objects = {

/* Begin PBXBuildFile section */
		D203B2B528EED1A200DB89C6 /* AppDelegate.swift in Sources */ = {isa = PBXBuildFile; fileRef = D203B2B428EED1A200DB89C6 /* AppDelegate.swift */; };
		D203B2B728EED1A200DB89C6 /* SceneDelegate.swift in Sources */ = {isa = PBXBuildFile; fileRef = D203B2B628EED1A200DB89C6 /* SceneDelegate.swift */; };
		D203B2B928EED1A200DB89C6 /* ViewController.swift in Sources */ = {isa = PBXBuildFile; fileRef = D203B2B828EED1A200DB89C6 /* ViewController.swift */; };
		D203B2BC28EED1A200DB89C6 /* Main.storyboard in Resources */ = {isa = PBXBuildFile; fileRef = D203B2BA28EED1A200DB89C6 /* Main.storyboard */; };
		D203B2BF28EED1A200DB89C6 /* Test.xcdatamodeld in Sources */ = {isa = PBXBuildFile; fileRef = D203B2BD28EED1A200DB89C6 /* Test.xcdatamodeld */; };
		D203B2C128EED1A300DB89C6 /* Assets.xcassets in Resources */ = {isa = PBXBuildFile; fileRef = D203B2C028EED1A300DB89C6 /* Assets.xcassets */; };
		D203B2C428EED1A300DB89C6 /* LaunchScreen.storyboard in Resources */ = {isa = PBXBuildFile; fileRef = D203B2C228EED1A300DB89C6 /* LaunchScreen.storyboard */; };
		D203B2CF28EED1A300DB89C6 /* TestTests.swift in Sources */ = {isa = PBXBuildFile; fileRef = D203B2CE28EED1A300DB89C6 /* TestTests.swift */; };
		D203B2D928EED1A300DB89C6 /* TestUITests.swift in Sources */ = {isa = PBXBuildFile; fileRef = D203B2D828EED1A300DB89C6 /* TestUITests.swift */; };
		D203B2DB28EED1A300DB89C6 /* TestUITestsLaunchTests.swift in Sources */ = {isa = PBXBuildFile; fileRef = D203B2DA28EED1A300DB89C6 /* TestUITestsLaunchTests.swift */; };
		D203B2E828EED6C500DB89C6 /* HelperClass.swift in Sources */ = {isa = PBXBuildFile; fileRef = D203B2E728EED6C500DB89C6 /* HelperClass.swift */; };
		D203B2EA28EED7AE00DB89C6 /* SignInViewController.swift in Sources */ = {isa = PBXBuildFile; fileRef = D203B2E928EED7AE00DB89C6 /* SignInViewController.swift */; };
		D203B2ED28EEDDE200DB89C6 /* ContactListTableViewCell.swift in Sources */ = {isa = PBXBuildFile; fileRef = D203B2EB28EEDDE200DB89C6 /* ContactListTableViewCell.swift */; };
		D203B2EE28EEDDE200DB89C6 /* ContactListTableViewCell.xib in Resources */ = {isa = PBXBuildFile; fileRef = D203B2EC28EEDDE200DB89C6 /* ContactListTableViewCell.xib */; };
		D203B2F028EEDFCD00DB89C6 /* ContactListViewController.swift in Sources */ = {isa = PBXBuildFile; fileRef = D203B2EF28EEDFCD00DB89C6 /* ContactListViewController.swift */; };
		D203B2F228EEE0FF00DB89C6 /* ContactListViewModel.swift in Sources */ = {isa = PBXBuildFile; fileRef = D203B2F128EEE0FF00DB89C6 /* ContactListViewModel.swift */; };
		D203B2F828EEE58000DB89C6 /* ContactDetailsViewController.swift in Sources */ = {isa = PBXBuildFile; fileRef = D203B2F728EEE58000DB89C6 /* ContactDetailsViewController.swift */; };
		D203B2FA28EEECFF00DB89C6 /* NetWorkManager.swift in Sources */ = {isa = PBXBuildFile; fileRef = D203B2F928EEECFF00DB89C6 /* NetWorkManager.swift */; };
		D203B2FC28EEF24A00DB89C6 /* LoginModel.swift in Sources */ = {isa = PBXBuildFile; fileRef = D203B2FB28EEF24A00DB89C6 /* LoginModel.swift */; };
		D203B2FE28EEFCC600DB89C6 /* UserModel.swift in Sources */ = {isa = PBXBuildFile; fileRef = D203B2FD28EEFCC600DB89C6 /* UserModel.swift */; };
/* End PBXBuildFile section */

/* Begin PBXContainerItemProxy section */
		D203B2CB28EED1A300DB89C6 /* PBXContainerItemProxy */ = {
			isa = PBXContainerItemProxy;
			containerPortal = D203B2A928EED1A200DB89C6 /* Project object */;
			proxyType = 1;
			remoteGlobalIDString = D203B2B028EED1A200DB89C6;
			remoteInfo = Test;
		};
		D203B2D528EED1A300DB89C6 /* PBXContainerItemProxy */ = {
			isa = PBXContainerItemProxy;
			containerPortal = D203B2A928EED1A200DB89C6 /* Project object */;
			proxyType = 1;
			remoteGlobalIDString = D203B2B028EED1A200DB89C6;
			remoteInfo = Test;
		};
/* End PBXContainerItemProxy section */

/* Begin PBXFileReference section */
		D203B2B128EED1A200DB89C6 /* Test.app */ = {isa = PBXFileReference; explicitFileType = wrapper.application; includeInIndex = 0; path = Test.app; sourceTree = BUILT_PRODUCTS_DIR; };
		D203B2B428EED1A200DB89C6 /* AppDelegate.swift */ = {isa = PBXFileReference; lastKnownFileType = sourcecode.swift; path = AppDelegate.swift; sourceTree = "<group>"; };
		D203B2B628EED1A200DB89C6 /* SceneDelegate.swift */ = {isa = PBXFileReference; lastKnownFileType = sourcecode.swift; path = SceneDelegate.swift; sourceTree = "<group>"; };
		D203B2B828EED1A200DB89C6 /* ViewController.swift */ = {isa = PBXFileReference; lastKnownFileType = sourcecode.swift; path = ViewController.swift; sourceTree = "<group>"; };
		D203B2BB28EED1A200DB89C6 /* Base */ = {isa = PBXFileReference; lastKnownFileType = file.storyboard; name = Base; path = Base.lproj/Main.storyboard; sourceTree = "<group>"; };
		D203B2BE28EED1A200DB89C6 /* Test.xcdatamodel */ = {isa = PBXFileReference; lastKnownFileType = wrapper.xcdatamodel; path = Test.xcdatamodel; sourceTree = "<group>"; };
		D203B2C028EED1A300DB89C6 /* Assets.xcassets */ = {isa = PBXFileReference; lastKnownFileType = folder.assetcatalog; path = Assets.xcassets; sourceTree = "<group>"; };
		D203B2C328EED1A300DB89C6 /* Base */ = {isa = PBXFileReference; lastKnownFileType = file.storyboard; name = Base; path = Base.lproj/LaunchScreen.storyboard; sourceTree = "<group>"; };
		D203B2C528EED1A300DB89C6 /* Info.plist */ = {isa = PBXFileReference; lastKnownFileType = text.plist.xml; path = Info.plist; sourceTree = "<group>"; };
		D203B2CA28EED1A300DB89C6 /* TestTests.xctest */ = {isa = PBXFileReference; explicitFileType = wrapper.cfbundle; includeInIndex = 0; path = TestTests.xctest; sourceTree = BUILT_PRODUCTS_DIR; };
		D203B2CE28EED1A300DB89C6 /* TestTests.swift */ = {isa = PBXFileReference; lastKnownFileType = sourcecode.swift; path = TestTests.swift; sourceTree = "<group>"; };
		D203B2D428EED1A300DB89C6 /* TestUITests.xctest */ = {isa = PBXFileReference; explicitFileType = wrapper.cfbundle; includeInIndex = 0; path = TestUITests.xctest; sourceTree = BUILT_PRODUCTS_DIR; };
		D203B2D828EED1A300DB89C6 /* TestUITests.swift */ = {isa = PBXFileReference; lastKnownFileType = sourcecode.swift; path = TestUITests.swift; sourceTree = "<group>"; };
		D203B2DA28EED1A300DB89C6 /* TestUITestsLaunchTests.swift */ = {isa = PBXFileReference; lastKnownFileType = sourcecode.swift; path = TestUITestsLaunchTests.swift; sourceTree = "<group>"; };
		D203B2E728EED6C500DB89C6 /* HelperClass.swift */ = {isa = PBXFileReference; lastKnownFileType = sourcecode.swift; path = HelperClass.swift; sourceTree = "<group>"; };
		D203B2E928EED7AE00DB89C6 /* SignInViewController.swift */ = {isa = PBXFileReference; lastKnownFileType = sourcecode.swift; path = SignInViewController.swift; sourceTree = "<group>"; };
		D203B2EB28EEDDE200DB89C6 /* ContactListTableViewCell.swift */ = {isa = PBXFileReference; lastKnownFileType = sourcecode.swift; path = ContactListTableViewCell.swift; sourceTree = "<group>"; };
		D203B2EC28EEDDE200DB89C6 /* ContactListTableViewCell.xib */ = {isa = PBXFileReference; lastKnownFileType = file.xib; path = ContactListTableViewCell.xib; sourceTree = "<group>"; };
		D203B2EF28EEDFCD00DB89C6 /* ContactListViewController.swift */ = {isa = PBXFileReference; lastKnownFileType = sourcecode.swift; path = ContactListViewController.swift; sourceTree = "<group>"; };
		D203B2F128EEE0FF00DB89C6 /* ContactListViewModel.swift */ = {isa = PBXFileReference; lastKnownFileType = sourcecode.swift; path = ContactListViewModel.swift; sourceTree = "<group>"; };
		D203B2F728EEE58000DB89C6 /* ContactDetailsViewController.swift */ = {isa = PBXFileReference; lastKnownFileType = sourcecode.swift; path = ContactDetailsViewController.swift; sourceTree = "<group>"; };
		D203B2F928EEECFF00DB89C6 /* NetWorkManager.swift */ = {isa = PBXFileReference; lastKnownFileType = sourcecode.swift; path = NetWorkManager.swift; sourceTree = "<group>"; };
		D203B2FB28EEF24A00DB89C6 /* LoginModel.swift */ = {isa = PBXFileReference; lastKnownFileType = sourcecode.swift; path = LoginModel.swift; sourceTree = "<group>"; };
		D203B2FD28EEFCC600DB89C6 /* UserModel.swift */ = {isa = PBXFileReference; lastKnownFileType = sourcecode.swift; path = UserModel.swift; sourceTree = "<group>"; };
/* End PBXFileReference section */

/* Begin PBXFrameworksBuildPhase section */
		D203B2AE28EED1A200DB89C6 /* Frameworks */ = {
			isa = PBXFrameworksBuildPhase;
			buildActionMask = 2147483647;
			files = (
			);
			runOnlyForDeploymentPostprocessing = 0;
		};
		D203B2C728EED1A300DB89C6 /* Frameworks */ = {
			isa = PBXFrameworksBuildPhase;
			buildActionMask = 2147483647;
			files = (
			);
			runOnlyForDeploymentPostprocessing = 0;
		};
		D203B2D128EED1A300DB89C6 /* Frameworks */ = {
			isa = PBXFrameworksBuildPhase;
			buildActionMask = 2147483647;
			files = (
			);
			runOnlyForDeploymentPostprocessing = 0;
		};
/* End PBXFrameworksBuildPhase section */

/* Begin PBXGroup section */
		D203B2A828EED1A200DB89C6 = {
			isa = PBXGroup;
			children = (
				D203B2B328EED1A200DB89C6 /* Test */,
				D203B2CD28EED1A300DB89C6 /* TestTests */,
				D203B2D728EED1A300DB89C6 /* TestUITests */,
				D203B2B228EED1A200DB89C6 /* Products */,
			);
			sourceTree = "<group>";
		};
		D203B2B228EED1A200DB89C6 /* Products */ = {
			isa = PBXGroup;
			children = (
				D203B2B128EED1A200DB89C6 /* Test.app */,
				D203B2CA28EED1A300DB89C6 /* TestTests.xctest */,
				D203B2D428EED1A300DB89C6 /* TestUITests.xctest */,
			);
			name = Products;
			sourceTree = "<group>";
		};
		D203B2B328EED1A200DB89C6 /* Test */ = {
			isa = PBXGroup;
			children = (
				D203B2F528EEE11D00DB89C6 /* Model */,
				D203B2F428EEE10E00DB89C6 /* ViewModel */,
				D203B2F328EEE10600DB89C6 /* View */,
				D203B2B428EED1A200DB89C6 /* AppDelegate.swift */,
				D203B2B628EED1A200DB89C6 /* SceneDelegate.swift */,
				D203B2F928EEECFF00DB89C6 /* NetWorkManager.swift */,
				D203B2C028EED1A300DB89C6 /* Assets.xcassets */,
				D203B2C228EED1A300DB89C6 /* LaunchScreen.storyboard */,
				D203B2C528EED1A300DB89C6 /* Info.plist */,
				D203B2BD28EED1A200DB89C6 /* Test.xcdatamodeld */,
				D203B2E728EED6C500DB89C6 /* HelperClass.swift */,
			);
			path = Test;
			sourceTree = "<group>";
		};
		D203B2CD28EED1A300DB89C6 /* TestTests */ = {
			isa = PBXGroup;
			children = (
				D203B2CE28EED1A300DB89C6 /* TestTests.swift */,
			);
			path = TestTests;
			sourceTree = "<group>";
		};
		D203B2D728EED1A300DB89C6 /* TestUITests */ = {
			isa = PBXGroup;
			children = (
				D203B2D828EED1A300DB89C6 /* TestUITests.swift */,
				D203B2DA28EED1A300DB89C6 /* TestUITestsLaunchTests.swift */,
			);
			path = TestUITests;
			sourceTree = "<group>";
		};
		D203B2F328EEE10600DB89C6 /* View */ = {
			isa = PBXGroup;
			children = (
				D203B2BA28EED1A200DB89C6 /* Main.storyboard */,
				D203B2F628EEE15A00DB89C6 /* Controllers */,
				D203B2EB28EEDDE200DB89C6 /* ContactListTableViewCell.swift */,
				D203B2EC28EEDDE200DB89C6 /* ContactListTableViewCell.xib */,
			);
			path = View;
			sourceTree = "<group>";
		};
		D203B2F428EEE10E00DB89C6 /* ViewModel */ = {
			isa = PBXGroup;
			children = (
				D203B2F128EEE0FF00DB89C6 /* ContactListViewModel.swift */,
			);
			path = ViewModel;
			sourceTree = "<group>";
		};
		D203B2F528EEE11D00DB89C6 /* Model */ = {
			isa = PBXGroup;
			children = (
				D203B2FB28EEF24A00DB89C6 /* LoginModel.swift */,
				D203B2FD28EEFCC600DB89C6 /* UserModel.swift */,
			);
			path = Model;
			sourceTree = "<group>";
		};
		D203B2F628EEE15A00DB89C6 /* Controllers */ = {
			isa = PBXGroup;
			children = (
				D203B2EF28EEDFCD00DB89C6 /* ContactListViewController.swift */,
				D203B2E928EED7AE00DB89C6 /* SignInViewController.swift */,
				D203B2B828EED1A200DB89C6 /* ViewController.swift */,
				D203B2F728EEE58000DB89C6 /* ContactDetailsViewController.swift */,
			);
			path = Controllers;
			sourceTree = "<group>";
		};
/* End PBXGroup section */

/* Begin PBXNativeTarget section */
		D203B2B028EED1A200DB89C6 /* Test */ = {
			isa = PBXNativeTarget;
			buildConfigurationList = D203B2DE28EED1A300DB89C6 /* Build configuration list for PBXNativeTarget "Test" */;
			buildPhases = (
				D203B2AD28EED1A200DB89C6 /* Sources */,
				D203B2AE28EED1A200DB89C6 /* Frameworks */,
				D203B2AF28EED1A200DB89C6 /* Resources */,
			);
			buildRules = (
			);
			dependencies = (
			);
			name = Test;
			productName = Test;
			productReference = D203B2B128EED1A200DB89C6 /* Test.app */;
			productType = "com.apple.product-type.application";
		};
		D203B2C928EED1A300DB89C6 /* TestTests */ = {
			isa = PBXNativeTarget;
			buildConfigurationList = D203B2E128EED1A300DB89C6 /* Build configuration list for PBXNativeTarget "TestTests" */;
			buildPhases = (
				D203B2C628EED1A300DB89C6 /* Sources */,
				D203B2C728EED1A300DB89C6 /* Frameworks */,
				D203B2C828EED1A300DB89C6 /* Resources */,
			);
			buildRules = (
			);
			dependencies = (
				D203B2CC28EED1A300DB89C6 /* PBXTargetDependency */,
			);
			name = TestTests;
			productName = TestTests;
			productReference = D203B2CA28EED1A300DB89C6 /* TestTests.xctest */;
			productType = "com.apple.product-type.bundle.unit-test";
		};
		D203B2D328EED1A300DB89C6 /* TestUITests */ = {
			isa = PBXNativeTarget;
			buildConfigurationList = D203B2E428EED1A300DB89C6 /* Build configuration list for PBXNativeTarget "TestUITests" */;
			buildPhases = (
				D203B2D028EED1A300DB89C6 /* Sources */,
				D203B2D128EED1A300DB89C6 /* Frameworks */,
				D203B2D228EED1A300DB89C6 /* Resources */,
			);
			buildRules = (
			);
			dependencies = (
				D203B2D628EED1A300DB89C6 /* PBXTargetDependency */,
			);
			name = TestUITests;
			productName = TestUITests;
			productReference = D203B2D428EED1A300DB89C6 /* TestUITests.xctest */;
			productType = "com.apple.product-type.bundle.ui-testing";
		};
/* End PBXNativeTarget section */

/* Begin PBXProject section */
		D203B2A928EED1A200DB89C6 /* Project object */ = {
			isa = PBXProject;
			attributes = {
				BuildIndependentTargetsInParallel = 1;
				LastSwiftUpdateCheck = 1400;
				LastUpgradeCheck = 1400;
				TargetAttributes = {
					D203B2B028EED1A200DB89C6 = {
						CreatedOnToolsVersion = 14.0.1;
					};
					D203B2C928EED1A300DB89C6 = {
						CreatedOnToolsVersion = 14.0.1;
						TestTargetID = D203B2B028EED1A200DB89C6;
					};
					D203B2D328EED1A300DB89C6 = {
						CreatedOnToolsVersion = 14.0.1;
						TestTargetID = D203B2B028EED1A200DB89C6;
					};
				};
			};
			buildConfigurationList = D203B2AC28EED1A200DB89C6 /* Build configuration list for PBXProject "Test" */;
			compatibilityVersion = "Xcode 14.0";
			developmentRegion = en;
			hasScannedForEncodings = 0;
			knownRegions = (
				en,
				Base,
			);
			mainGroup = D203B2A828EED1A200DB89C6;
			productRefGroup = D203B2B228EED1A200DB89C6 /* Products */;
			projectDirPath = "";
			projectRoot = "";
			targets = (
				D203B2B028EED1A200DB89C6 /* Test */,
				D203B2C928EED1A300DB89C6 /* TestTests */,
				D203B2D328EED1A300DB89C6 /* TestUITests */,
			);
		};
/* End PBXProject section */

/* Begin PBXResourcesBuildPhase section */
		D203B2AF28EED1A200DB89C6 /* Resources */ = {
			isa = PBXResourcesBuildPhase;
			buildActionMask = 2147483647;
			files = (
				D203B2EE28EEDDE200DB89C6 /* ContactListTableViewCell.xib in Resources */,
				D203B2C428EED1A300DB89C6 /* LaunchScreen.storyboard in Resources */,
				D203B2C128EED1A300DB89C6 /* Assets.xcassets in Resources */,
				D203B2BC28EED1A200DB89C6 /* Main.storyboard in Resources */,
			);
			runOnlyForDeploymentPostprocessing = 0;
		};
		D203B2C828EED1A300DB89C6 /* Resources */ = {
			isa = PBXResourcesBuildPhase;
			buildActionMask = 2147483647;
			files = (
			);
			runOnlyForDeploymentPostprocessing = 0;
		};
		D203B2D228EED1A300DB89C6 /* Resources */ = {
			isa = PBXResourcesBuildPhase;
			buildActionMask = 2147483647;
			files = (
			);
			runOnlyForDeploymentPostprocessing = 0;
		};
/* End PBXResourcesBuildPhase section */

/* Begin PBXSourcesBuildPhase section */
		D203B2AD28EED1A200DB89C6 /* Sources */ = {
			isa = PBXSourcesBuildPhase;
			buildActionMask = 2147483647;
			files = (
				D203B2F828EEE58000DB89C6 /* ContactDetailsViewController.swift in Sources */,
				D203B2FC28EEF24A00DB89C6 /* LoginModel.swift in Sources */,
				D203B2F228EEE0FF00DB89C6 /* ContactListViewModel.swift in Sources */,
				D203B2B928EED1A200DB89C6 /* ViewController.swift in Sources */,
				D203B2F028EEDFCD00DB89C6 /* ContactListViewController.swift in Sources */,
				D203B2FE28EEFCC600DB89C6 /* UserModel.swift in Sources */,
				D203B2FA28EEECFF00DB89C6 /* NetWorkManager.swift in Sources */,
				D203B2E828EED6C500DB89C6 /* HelperClass.swift in Sources */,
				D203B2EA28EED7AE00DB89C6 /* SignInViewController.swift in Sources */,
				D203B2BF28EED1A200DB89C6 /* Test.xcdatamodeld in Sources */,
				D203B2B528EED1A200DB89C6 /* AppDelegate.swift in Sources */,
				D203B2B728EED1A200DB89C6 /* SceneDelegate.swift in Sources */,
				D203B2ED28EEDDE200DB89C6 /* ContactListTableViewCell.swift in Sources */,
			);
			runOnlyForDeploymentPostprocessing = 0;
		};
		D203B2C628EED1A300DB89C6 /* Sources */ = {
			isa = PBXSourcesBuildPhase;
			buildActionMask = 2147483647;
			files = (
				D203B2CF28EED1A300DB89C6 /* TestTests.swift in Sources */,
			);
			runOnlyForDeploymentPostprocessing = 0;
		};
		D203B2D028EED1A300DB89C6 /* Sources */ = {
			isa = PBXSourcesBuildPhase;
			buildActionMask = 2147483647;
			files = (
				D203B2DB28EED1A300DB89C6 /* TestUITestsLaunchTests.swift in Sources */,
				D203B2D928EED1A300DB89C6 /* TestUITests.swift in Sources */,
			);
			runOnlyForDeploymentPostprocessing = 0;
		};
/* End PBXSourcesBuildPhase section */

/* Begin PBXTargetDependency section */
		D203B2CC28EED1A300DB89C6 /* PBXTargetDependency */ = {
			isa = PBXTargetDependency;
			target = D203B2B028EED1A200DB89C6 /* Test */;
			targetProxy = D203B2CB28EED1A300DB89C6 /* PBXContainerItemProxy */;
		};
		D203B2D628EED1A300DB89C6 /* PBXTargetDependency */ = {
			isa = PBXTargetDependency;
			target = D203B2B028EED1A200DB89C6 /* Test */;
			targetProxy = D203B2D528EED1A300DB89C6 /* PBXContainerItemProxy */;
		};
/* End PBXTargetDependency section */

/* Begin PBXVariantGroup section */
		D203B2BA28EED1A200DB89C6 /* Main.storyboard */ = {
			isa = PBXVariantGroup;
			children = (
				D203B2BB28EED1A200DB89C6 /* Base */,
			);
			name = Main.storyboard;
			sourceTree = "<group>";
		};
		D203B2C228EED1A300DB89C6 /* LaunchScreen.storyboard */ = {
			isa = PBXVariantGroup;
			children = (
				D203B2C328EED1A300DB89C6 /* Base */,
			);
			name = LaunchScreen.storyboard;
			sourceTree = "<group>";
		};
/* End PBXVariantGroup section */

/* Begin XCBuildConfiguration section */
		D203B2DC28EED1A300DB89C6 /* Debug */ = {
			isa = XCBuildConfiguration;
			buildSettings = {
				ALWAYS_SEARCH_USER_PATHS = NO;
				CLANG_ANALYZER_NONNULL = YES;
				CLANG_ANALYZER_NUMBER_OBJECT_CONVERSION = YES_AGGRESSIVE;
				CLANG_CXX_LANGUAGE_STANDARD = "gnu++20";
				CLANG_ENABLE_MODULES = YES;
				CLANG_ENABLE_OBJC_ARC = YES;
				CLANG_ENABLE_OBJC_WEAK = YES;
				CLANG_WARN_BLOCK_CAPTURE_AUTORELEASING = YES;
				CLANG_WARN_BOOL_CONVERSION = YES;
				CLANG_WARN_COMMA = YES;
				CLANG_WARN_CONSTANT_CONVERSION = YES;
				CLANG_WARN_DEPRECATED_OBJC_IMPLEMENTATIONS = YES;
				CLANG_WARN_DIRECT_OBJC_ISA_USAGE = YES_ERROR;
				CLANG_WARN_DOCUMENTATION_COMMENTS = YES;
				CLANG_WARN_EMPTY_BODY = YES;
				CLANG_WARN_ENUM_CONVERSION = YES;
				CLANG_WARN_INFINITE_RECURSION = YES;
				CLANG_WARN_INT_CONVERSION = YES;
				CLANG_WARN_NON_LITERAL_NULL_CONVERSION = YES;
				CLANG_WARN_OBJC_IMPLICIT_RETAIN_SELF = YES;
				CLANG_WARN_OBJC_LITERAL_CONVERSION = YES;
				CLANG_WARN_OBJC_ROOT_CLASS = YES_ERROR;
				CLANG_WARN_QUOTED_INCLUDE_IN_FRAMEWORK_HEADER = YES;
				CLANG_WARN_RANGE_LOOP_ANALYSIS = YES;
				CLANG_WARN_STRICT_PROTOTYPES = YES;
				CLANG_WARN_SUSPICIOUS_MOVE = YES;
				CLANG_WARN_UNGUARDED_AVAILABILITY = YES_AGGRESSIVE;
				CLANG_WARN_UNREACHABLE_CODE = YES;
				CLANG_WARN__DUPLICATE_METHOD_MATCH = YES;
				COPY_PHASE_STRIP = NO;
				DEBUG_INFORMATION_FORMAT = dwarf;
				ENABLE_STRICT_OBJC_MSGSEND = YES;
				ENABLE_TESTABILITY = YES;
				GCC_C_LANGUAGE_STANDARD = gnu11;
				GCC_DYNAMIC_NO_PIC = NO;
				GCC_NO_COMMON_BLOCKS = YES;
				GCC_OPTIMIZATION_LEVEL = 0;
				GCC_PREPROCESSOR_DEFINITIONS = (
					"DEBUG=1",
					"$(inherited)",
				);
				GCC_WARN_64_TO_32_BIT_CONVERSION = YES;
				GCC_WARN_ABOUT_RETURN_TYPE = YES_ERROR;
				GCC_WARN_UNDECLARED_SELECTOR = YES;
				GCC_WARN_UNINITIALIZED_AUTOS = YES_AGGRESSIVE;
				GCC_WARN_UNUSED_FUNCTION = YES;
				GCC_WARN_UNUSED_VARIABLE = YES;
				IPHONEOS_DEPLOYMENT_TARGET = 16.0;
				MTL_ENABLE_DEBUG_INFO = INCLUDE_SOURCE;
				MTL_FAST_MATH = YES;
				ONLY_ACTIVE_ARCH = YES;
				SDKROOT = iphoneos;
				SWIFT_ACTIVE_COMPILATION_CONDITIONS = DEBUG;
				SWIFT_OPTIMIZATION_LEVEL = "-Onone";
			};
			name = Debug;
		};
		D203B2DD28EED1A300DB89C6 /* Release */ = {
			isa = XCBuildConfiguration;
			buildSettings = {
				ALWAYS_SEARCH_USER_PATHS = NO;
				CLANG_ANALYZER_NONNULL = YES;
				CLANG_ANALYZER_NUMBER_OBJECT_CONVERSION = YES_AGGRESSIVE;
				CLANG_CXX_LANGUAGE_STANDARD = "gnu++20";
				CLANG_ENABLE_MODULES = YES;
				CLANG_ENABLE_OBJC_ARC = YES;
				CLANG_ENABLE_OBJC_WEAK = YES;
				CLANG_WARN_BLOCK_CAPTURE_AUTORELEASING = YES;
				CLANG_WARN_BOOL_CONVERSION = YES;
				CLANG_WARN_COMMA = YES;
				CLANG_WARN_CONSTANT_CONVERSION = YES;
				CLANG_WARN_DEPRECATED_OBJC_IMPLEMENTATIONS = YES;
				CLANG_WARN_DIRECT_OBJC_ISA_USAGE = YES_ERROR;
				CLANG_WARN_DOCUMENTATION_COMMENTS = YES;
				CLANG_WARN_EMPTY_BODY = YES;
				CLANG_WARN_ENUM_CONVERSION = YES;
				CLANG_WARN_INFINITE_RECURSION = YES;
				CLANG_WARN_INT_CONVERSION = YES;
				CLANG_WARN_NON_LITERAL_NULL_CONVERSION = YES;
				CLANG_WARN_OBJC_IMPLICIT_RETAIN_SELF = YES;
				CLANG_WARN_OBJC_LITERAL_CONVERSION = YES;
				CLANG_WARN_OBJC_ROOT_CLASS = YES_ERROR;
				CLANG_WARN_QUOTED_INCLUDE_IN_FRAMEWORK_HEADER = YES;
				CLANG_WARN_RANGE_LOOP_ANALYSIS = YES;
				CLANG_WARN_STRICT_PROTOTYPES = YES;
				CLANG_WARN_SUSPICIOUS_MOVE = YES;
				CLANG_WARN_UNGUARDED_AVAILABILITY = YES_AGGRESSIVE;
				CLANG_WARN_UNREACHABLE_CODE = YES;
				CLANG_WARN__DUPLICATE_METHOD_MATCH = YES;
				COPY_PHASE_STRIP = NO;
				DEBUG_INFORMATION_FORMAT = "dwarf-with-dsym";
				ENABLE_NS_ASSERTIONS = NO;
				ENABLE_STRICT_OBJC_MSGSEND = YES;
				GCC_C_LANGUAGE_STANDARD = gnu11;
				GCC_NO_COMMON_BLOCKS = YES;
				GCC_WARN_64_TO_32_BIT_CONVERSION = YES;
				GCC_WARN_ABOUT_RETURN_TYPE = YES_ERROR;
				GCC_WARN_UNDECLARED_SELECTOR = YES;
				GCC_WARN_UNINITIALIZED_AUTOS = YES_AGGRESSIVE;
				GCC_WARN_UNUSED_FUNCTION = YES;
				GCC_WARN_UNUSED_VARIABLE = YES;
				IPHONEOS_DEPLOYMENT_TARGET = 16.0;
				MTL_ENABLE_DEBUG_INFO = NO;
				MTL_FAST_MATH = YES;
				SDKROOT = iphoneos;
				SWIFT_COMPILATION_MODE = wholemodule;
				SWIFT_OPTIMIZATION_LEVEL = "-O";
				VALIDATE_PRODUCT = YES;
			};
			name = Release;
		};
		D203B2DF28EED1A300DB89C6 /* Debug */ = {
			isa = XCBuildConfiguration;
			buildSettings = {
				ASSETCATALOG_COMPILER_APPICON_NAME = AppIcon;
				ASSETCATALOG_COMPILER_GLOBAL_ACCENT_COLOR_NAME = AccentColor;
				CODE_SIGN_STYLE = Automatic;
				CURRENT_PROJECT_VERSION = 1;
				GENERATE_INFOPLIST_FILE = YES;
				INFOPLIST_FILE = Test/Info.plist;
				INFOPLIST_KEY_UIApplicationSupportsIndirectInputEvents = YES;
				INFOPLIST_KEY_UILaunchStoryboardName = LaunchScreen;
				INFOPLIST_KEY_UIMainStoryboardFile = Main;
				INFOPLIST_KEY_UISupportedInterfaceOrientations_iPad = "UIInterfaceOrientationPortrait UIInterfaceOrientationPortraitUpsideDown UIInterfaceOrientationLandscapeLeft UIInterfaceOrientationLandscapeRight";
				INFOPLIST_KEY_UISupportedInterfaceOrientations_iPhone = "UIInterfaceOrientationPortrait UIInterfaceOrientationLandscapeLeft UIInterfaceOrientationLandscapeRight";
				LD_RUNPATH_SEARCH_PATHS = (
					"$(inherited)",
					"@executable_path/Frameworks",
				);
				MARKETING_VERSION = 1.0;
				PRODUCT_BUNDLE_IDENTIFIER = com.pixbit.Test;
				PRODUCT_NAME = "$(TARGET_NAME)";
				SUPPORTED_PLATFORMS = "iphoneos iphonesimulator";
				SUPPORTS_MACCATALYST = NO;
				SUPPORTS_MAC_DESIGNED_FOR_IPHONE_IPAD = NO;
				SWIFT_EMIT_LOC_STRINGS = YES;
				SWIFT_VERSION = 5.0;
				TARGETED_DEVICE_FAMILY = "1,2";
			};
			name = Debug;
		};
		D203B2E028EED1A300DB89C6 /* Release */ = {
			isa = XCBuildConfiguration;
			buildSettings = {
				ASSETCATALOG_COMPILER_APPICON_NAME = AppIcon;
				ASSETCATALOG_COMPILER_GLOBAL_ACCENT_COLOR_NAME = AccentColor;
				CODE_SIGN_STYLE = Automatic;
				CURRENT_PROJECT_VERSION = 1;
				GENERATE_INFOPLIST_FILE = YES;
				INFOPLIST_FILE = Test/Info.plist;
				INFOPLIST_KEY_UIApplicationSupportsIndirectInputEvents = YES;
				INFOPLIST_KEY_UILaunchStoryboardName = LaunchScreen;
				INFOPLIST_KEY_UIMainStoryboardFile = Main;
				INFOPLIST_KEY_UISupportedInterfaceOrientations_iPad = "UIInterfaceOrientationPortrait UIInterfaceOrientationPortraitUpsideDown UIInterfaceOrientationLandscapeLeft UIInterfaceOrientationLandscapeRight";
				INFOPLIST_KEY_UISupportedInterfaceOrientations_iPhone = "UIInterfaceOrientationPortrait UIInterfaceOrientationLandscapeLeft UIInterfaceOrientationLandscapeRight";
				LD_RUNPATH_SEARCH_PATHS = (
					"$(inherited)",
					"@executable_path/Frameworks",
				);
				MARKETING_VERSION = 1.0;
				PRODUCT_BUNDLE_IDENTIFIER = com.pixbit.Test;
				PRODUCT_NAME = "$(TARGET_NAME)";
				SUPPORTED_PLATFORMS = "iphoneos iphonesimulator";
				SUPPORTS_MACCATALYST = NO;
				SUPPORTS_MAC_DESIGNED_FOR_IPHONE_IPAD = NO;
				SWIFT_EMIT_LOC_STRINGS = YES;
				SWIFT_VERSION = 5.0;
				TARGETED_DEVICE_FAMILY = "1,2";
			};
			name = Release;
		};
		D203B2E228EED1A300DB89C6 /* Debug */ = {
			isa = XCBuildConfiguration;
			buildSettings = {
				ALWAYS_EMBED_SWIFT_STANDARD_LIBRARIES = YES;
				BUNDLE_LOADER = "$(TEST_HOST)";
				CODE_SIGN_STYLE = Automatic;
				CURRENT_PROJECT_VERSION = 1;
				GENERATE_INFOPLIST_FILE = YES;
				IPHONEOS_DEPLOYMENT_TARGET = 16.0;
				MARKETING_VERSION = 1.0;
				PRODUCT_BUNDLE_IDENTIFIER = com.pixbit.TestTests;
				PRODUCT_NAME = "$(TARGET_NAME)";
				SWIFT_EMIT_LOC_STRINGS = NO;
				SWIFT_VERSION = 5.0;
				TARGETED_DEVICE_FAMILY = "1,2";
				TEST_HOST = "$(BUILT_PRODUCTS_DIR)/Test.app/$(BUNDLE_EXECUTABLE_FOLDER_PATH)/Test";
			};
			name = Debug;
		};
		D203B2E328EED1A300DB89C6 /* Release */ = {
			isa = XCBuildConfiguration;
			buildSettings = {
				ALWAYS_EMBED_SWIFT_STANDARD_LIBRARIES = YES;
				BUNDLE_LOADER = "$(TEST_HOST)";
				CODE_SIGN_STYLE = Automatic;
				CURRENT_PROJECT_VERSION = 1;
				GENERATE_INFOPLIST_FILE = YES;
				IPHONEOS_DEPLOYMENT_TARGET = 16.0;
				MARKETING_VERSION = 1.0;
				PRODUCT_BUNDLE_IDENTIFIER = com.pixbit.TestTests;
				PRODUCT_NAME = "$(TARGET_NAME)";
				SWIFT_EMIT_LOC_STRINGS = NO;
				SWIFT_VERSION = 5.0;
				TARGETED_DEVICE_FAMILY = "1,2";
				TEST_HOST = "$(BUILT_PRODUCTS_DIR)/Test.app/$(BUNDLE_EXECUTABLE_FOLDER_PATH)/Test";
			};
			name = Release;
		};
		D203B2E528EED1A300DB89C6 /* Debug */ = {
			isa = XCBuildConfiguration;
			buildSettings = {
				ALWAYS_EMBED_SWIFT_STANDARD_LIBRARIES = YES;
				CODE_SIGN_STYLE = Automatic;
				CURRENT_PROJECT_VERSION = 1;
				GENERATE_INFOPLIST_FILE = YES;
				MARKETING_VERSION = 1.0;
				PRODUCT_BUNDLE_IDENTIFIER = com.pixbit.TestUITests;
				PRODUCT_NAME = "$(TARGET_NAME)";
				SWIFT_EMIT_LOC_STRINGS = NO;
				SWIFT_VERSION = 5.0;
				TARGETED_DEVICE_FAMILY = "1,2";
				TEST_TARGET_NAME = Test;
			};
			name = Debug;
		};
		D203B2E628EED1A300DB89C6 /* Release */ = {
			isa = XCBuildConfiguration;
			buildSettings = {
				ALWAYS_EMBED_SWIFT_STANDARD_LIBRARIES = YES;
				CODE_SIGN_STYLE = Automatic;
				CURRENT_PROJECT_VERSION = 1;
				GENERATE_INFOPLIST_FILE = YES;
				MARKETING_VERSION = 1.0;
				PRODUCT_BUNDLE_IDENTIFIER = com.pixbit.TestUITests;
				PRODUCT_NAME = "$(TARGET_NAME)";
				SWIFT_EMIT_LOC_STRINGS = NO;
				SWIFT_VERSION = 5.0;
				TARGETED_DEVICE_FAMILY = "1,2";
				TEST_TARGET_NAME = Test;
			};
			name = Release;
		};
/* End XCBuildConfiguration section */

/* Begin XCConfigurationList section */
		D203B2AC28EED1A200DB89C6 /* Build configuration list for PBXProject "Test" */ = {
			isa = XCConfigurationList;
			buildConfigurations = (
				D203B2DC28EED1A300DB89C6 /* Debug */,
				D203B2DD28EED1A300DB89C6 /* Release */,
			);
			defaultConfigurationIsVisible = 0;
			defaultConfigurationName = Release;
		};
		D203B2DE28EED1A300DB89C6 /* Build configuration list for PBXNativeTarget "Test" */ = {
			isa = XCConfigurationList;
			buildConfigurations = (
				D203B2DF28EED1A300DB89C6 /* Debug */,
				D203B2E028EED1A300DB89C6 /* Release */,
			);
			defaultConfigurationIsVisible = 0;
			defaultConfigurationName = Release;
		};
		D203B2E128EED1A300DB89C6 /* Build configuration list for PBXNativeTarget "TestTests" */ = {
			isa = XCConfigurationList;
			buildConfigurations = (
				D203B2E228EED1A300DB89C6 /* Debug */,
				D203B2E328EED1A300DB89C6 /* Release */,
			);
			defaultConfigurationIsVisible = 0;
			defaultConfigurationName = Release;
		};
		D203B2E428EED1A300DB89C6 /* Build configuration list for PBXNativeTarget "TestUITests" */ = {
			isa = XCConfigurationList;
			buildConfigurations = (
				D203B2E528EED1A300DB89C6 /* Debug */,
				D203B2E628EED1A300DB89C6 /* Release */,
			);
			defaultConfigurationIsVisible = 0;
			defaultConfigurationName = Release;
		};
/* End XCConfigurationList section */

/* Begin XCVersionGroup section */
		D203B2BD28EED1A200DB89C6 /* Test.xcdatamodeld */ = {
			isa = XCVersionGroup;
			children = (
				D203B2BE28EED1A200DB89C6 /* Test.xcdatamodel */,
			);
			currentVersion = D203B2BE28EED1A200DB89C6 /* Test.xcdatamodel */;
			path = Test.xcdatamodeld;
			sourceTree = "<group>";
			versionGroupType = wrapper.xcdatamodel;
		};
/* End XCVersionGroup section */
	};
	rootObject = D203B2A928EED1A200DB89C6 /* Project object */;
}
